
Microsoft Visual Studio Solution File, Format Version 12.00
# Visual Studio Version 17
VisualStudioVersion = 17.13.35825.156 d17.13
MinimumVisualStudioVersion = 10.0.40219.1
Project("{F184B08F-C81C-45F6-A57F-5ABD9991F28F}") = "Password Manager - Design", "Password Manager - Design\Password Manager - Design.vbproj", "{E0F190EA-F109-4E4D-9E46-F2F1E0198B27}"
EndProject
Global
	GlobalSection(SolutionConfigurationPlatforms) = preSolution
		Debug|Any CPU = Debug|Any CPU
		Release|Any CPU = Release|Any CPU
	EndGlobalSection
	GlobalSection(ProjectConfigurationPlatforms) = postSolution
		{E0F190EA-F109-4E4D-9E46-F2F1E0198B27}.Debug|Any CPU.ActiveCfg = Debug|Any CPU
		{E0F190EA-F109-4E4D-9E46-F2F1E0198B27}.Debug|Any CPU.Build.0 = Debug|Any CPU
		{E0F190EA-F109-4E4D-9E46-F2F1E0198B27}.Release|Any CPU.ActiveCfg = Release|Any CPU
		{E0F190EA-F109-4E4D-9E46-F2F1E0198B27}.Release|Any CPU.Build.0 = Release|Any CPU
	EndGlobalSection
	GlobalSection(SolutionProperties) = preSolution
		HideSolutionNode = FALSE
	EndGlobalSection
	GlobalSection(ExtensibilityGlobals) = postSolution
		SolutionGuid = {4E3A6BC3-D0F7-4D59-8D16-D498C273C171}
	EndGlobalSection
EndGlobal
